<Solution>
  <Project Path="TDOM.Gameplay.csproj" />
  <Project Path="Assembly-CSharp.csproj" />
<<<<<<< HEAD
  <Project Path="TDOM.Unity.csproj" />
=======
>>>>>>> origin/dev
  <Project Path="TDOM.Data.csproj" />
  <Project Path="Assembly-CSharp-firstpass.csproj" />
  <Project Path="TDOM.Tests.EditMode.csproj" />
<<<<<<< HEAD
=======
  <Project Path="TDOM.Input.csproj" />
>>>>>>> origin/dev
  <Project Path="Bootstrap.csproj" />
  <Project Path="Assembly-CSharp-Editor.csproj" />
</Solution>
