<Solution>
  <Project Path="TDOM.Gameplay.csproj" />
  <Project Path="Assembly-CSharp.csproj" />
  <Project Path="TDOM.Unity.csproj" />
  <Project Path="Assembly-CSharp-firstpass.csproj" />
  <Project Path="TDOM.Tests.EditMode.csproj" />
  <Project Path="TDOM.Data.csproj" />
  <Project Path="TDOM.Input.csproj" />
  <Project Path="Bootstrap.csproj" />
  <Project Path="Assembly-CSharp-Editor.csproj" />
  <Project Path="TDOM.Contracts.csproj" />
</Solution>
